// !$*UTF8*$!
{
	archiveVersion = 1;
	classes = {
	};
	objectVersion = 46;
	objects = {

/* Begin PBXBuildFile section */
		CA6267DB1ADC592E00FC379A /* libFeedbackSDK.a in Frameworks */ = {isa = PBXBuildFile; fileRef = CA6267CF1ADC592E00FC379A /* libFeedbackSDK.a */; };
		CA6267FA1ADC5BE200FC379A /* libubForm-debug-0.0.1.a in Frameworks */ = {isa = PBXBuildFile; fileRef = CA6267F31ADC5BE200FC379A /* libubForm-debug-0.0.1.a */; };
/* End PBXBuildFile section */

/* Begin PBXContainerItemProxy section */
		CA6267DC1ADC592E00FC379A /* PBXContainerItemProxy */ = {
			isa = PBXContainerItemProxy;
			containerPortal = CA6267C71ADC592E00FC379A /* Project object */;
			proxyType = 1;
			remoteGlobalIDString = CA6267CE1ADC592E00FC379A;
			remoteInfo = FeedbackSDK;
		};
/* End PBXContainerItemProxy section */

/* Begin PBXCopyFilesBuildPhase section */
		CA6267CD1ADC592E00FC379A /* CopyFiles */ = {
			isa = PBXCopyFilesBuildPhase;
			buildActionMask = 2147483647;
			dstPath = "include/$(PRODUCT_NAME)";
			dstSubfolderSpec = 16;
			files = (
			);
			runOnlyForDeploymentPostprocessing = 0;
		};
/* End PBXCopyFilesBuildPhase section */

/* Begin PBXFileReference section */
		CA6267CF1ADC592E00FC379A /* libFeedbackSDK.a */ = {isa = PBXFileReference; explicitFileType = archive.ar; includeInIndex = 0; path = libFeedbackSDK.a; sourceTree = BUILT_PRODUCTS_DIR; };
		CA6267DA1ADC592E00FC379A /* FeedbackSDKTests.xctest */ = {isa = PBXFileReference; explicitFileType = wrapper.cfbundle; includeInIndex = 0; path = FeedbackSDKTests.xctest; sourceTree = BUILT_PRODUCTS_DIR; };
		CA6267E01ADC592E00FC379A /* Info.plist */ = {isa = PBXFileReference; lastKnownFileType = text.plist.xml; path = Info.plist; sourceTree = "<group>"; };
		CA6267F21ADC5BE200FC379A /* Feedback-SDK.h */ = {isa = PBXFileReference; fileEncoding = 4; lastKnownFileType = sourcecode.c.h; path = "Feedback-SDK.h"; sourceTree = "<group>"; };
		CA6267F31ADC5BE200FC379A /* libubForm-debug-0.0.1.a */ = {isa = PBXFileReference; lastKnownFileType = archive.ar; path = "libubForm-debug-0.0.1.a"; sourceTree = "<group>"; };
		CA6267F41ADC5BE200FC379A /* MBProgressHUD.h */ = {isa = PBXFileReference; fileEncoding = 4; lastKnownFileType = sourcecode.c.h; path = MBProgressHUD.h; sourceTree = "<group>"; };
		CA6267F51ADC5BE200FC379A /* MBProgressHUD+CustomAdditions.h */ = {isa = PBXFileReference; fileEncoding = 4; lastKnownFileType = sourcecode.c.h; path = "MBProgressHUD+CustomAdditions.h"; sourceTree = "<group>"; };
		CA6267F61ADC5BE200FC379A /* UIView-USAScreenshot.h */ = {isa = PBXFileReference; fileEncoding = 4; lastKnownFileType = sourcecode.c.h; path = "UIView-USAScreenshot.h"; sourceTree = "<group>"; };
		CA6267F71ADC5BE200FC379A /* USAFeedback.h */ = {isa = PBXFileReference; fileEncoding = 4; lastKnownFileType = sourcecode.c.h; path = USAFeedback.h; sourceTree = "<group>"; };
		CA6267F81ADC5BE200FC379A /* USAFeedbackController.h */ = {isa = PBXFileReference; fileEncoding = 4; lastKnownFileType = sourcecode.c.h; path = USAFeedbackController.h; sourceTree = "<group>"; };
		CA6267F91ADC5BE200FC379A /* USAFeedbackControllerDelegate.h */ = {isa = PBXFileReference; fileEncoding = 4; lastKnownFileType = sourcecode.c.h; path = USAFeedbackControllerDelegate.h; sourceTree = "<group>"; };
/* End PBXFileReference section */

/* Begin PBXFrameworksBuildPhase section */
		CA6267CC1ADC592E00FC379A /* Frameworks */ = {
			isa = PBXFrameworksBuildPhase;
			buildActionMask = 2147483647;
			files = (
				CA6267FA1ADC5BE200FC379A /* libubForm-debug-0.0.1.a in Frameworks */,
			);
			runOnlyForDeploymentPostprocessing = 0;
		};
		CA6267D71ADC592E00FC379A /* Frameworks */ = {
			isa = PBXFrameworksBuildPhase;
			buildActionMask = 2147483647;
			files = (
				CA6267DB1ADC592E00FC379A /* libFeedbackSDK.a in Frameworks */,
			);
			runOnlyForDeploymentPostprocessing = 0;
		};
/* End PBXFrameworksBuildPhase section */

/* Begin PBXGroup section */
		CA6267C61ADC592E00FC379A = {
			isa = PBXGroup;
			children = (
				CA6267D11ADC592E00FC379A /* FeedbackSDK */,
				CA6267DE1ADC592E00FC379A /* FeedbackSDKTests */,
				CA6267D01ADC592E00FC379A /* Products */,
			);
			sourceTree = "<group>";
		};
		CA6267D01ADC592E00FC379A /* Products */ = {
			isa = PBXGroup;
			children = (
				CA6267CF1ADC592E00FC379A /* libFeedbackSDK.a */,
				CA6267DA1ADC592E00FC379A /* FeedbackSDKTests.xctest */,
			);
			name = Products;
			sourceTree = "<group>";
		};
		CA6267D11ADC592E00FC379A /* FeedbackSDK */ = {
			isa = PBXGroup;
			children = (
				CA6267F21ADC5BE200FC379A /* Feedback-SDK.h */,
				CA6267F31ADC5BE200FC379A /* libubForm-debug-0.0.1.a */,
				CA6267F41ADC5BE200FC379A /* MBProgressHUD.h */,
				CA6267F51ADC5BE200FC379A /* MBProgressHUD+CustomAdditions.h */,
				CA6267F61ADC5BE200FC379A /* UIView-USAScreenshot.h */,
				CA6267F71ADC5BE200FC379A /* USAFeedback.h */,
				CA6267F81ADC5BE200FC379A /* USAFeedbackController.h */,
				CA6267F91ADC5BE200FC379A /* USAFeedbackControllerDelegate.h */,
			);
			path = FeedbackSDK;
			sourceTree = "<group>";
		};
		CA6267DE1ADC592E00FC379A /* FeedbackSDKTests */ = {
			isa = PBXGroup;
			children = (
				CA6267DF1ADC592E00FC379A /* Supporting Files */,
			);
			path = FeedbackSDKTests;
			sourceTree = "<group>";
		};
		CA6267DF1ADC592E00FC379A /* Supporting Files */ = {
			isa = PBXGroup;
			children = (
				CA6267E01ADC592E00FC379A /* Info.plist */,
			);
			name = "Supporting Files";
			sourceTree = "<group>";
		};
/* End PBXGroup section */

/* Begin PBXNativeTarget section */
		CA6267CE1ADC592E00FC379A /* FeedbackSDK */ = {
			isa = PBXNativeTarget;
			buildConfigurationList = CA6267E31ADC592E00FC379A /* Build configuration list for PBXNativeTarget "FeedbackSDK" */;
			buildPhases = (
				CA6267CB1ADC592E00FC379A /* Sources */,
				CA6267CC1ADC592E00FC379A /* Frameworks */,
				CA6267CD1ADC592E00FC379A /* CopyFiles */,
			);
			buildRules = (
			);
			dependencies = (
			);
			name = FeedbackSDK;
			productName = FeedbackSDK;
			productReference = CA6267CF1ADC592E00FC379A /* libFeedbackSDK.a */;
			productType = "com.apple.product-type.library.static";
		};
		CA6267D91ADC592E00FC379A /* FeedbackSDKTests */ = {
			isa = PBXNativeTarget;
			buildConfigurationList = CA6267E61ADC592E00FC379A /* Build configuration list for PBXNativeTarget "FeedbackSDKTests" */;
			buildPhases = (
				CA6267D61ADC592E00FC379A /* Sources */,
				CA6267D71ADC592E00FC379A /* Frameworks */,
				CA6267D81ADC592E00FC379A /* Resources */,
			);
			buildRules = (
			);
			dependencies = (
				CA6267DD1ADC592E00FC379A /* PBXTargetDependency */,
			);
			name = FeedbackSDKTests;
			productName = FeedbackSDKTests;
			productReference = CA6267DA1ADC592E00FC379A /* FeedbackSDKTests.xctest */;
			productType = "com.apple.product-type.bundle.unit-test";
		};
/* End PBXNativeTarget section */

/* Begin PBXProject section */
		CA6267C71ADC592E00FC379A /* Project object */ = {
			isa = PBXProject;
			attributes = {
				LastUpgradeCheck = 0630;
				ORGANIZATIONNAME = Usabilla;
				TargetAttributes = {
					CA6267CE1ADC592E00FC379A = {
						CreatedOnToolsVersion = 6.3;
					};
					CA6267D91ADC592E00FC379A = {
						CreatedOnToolsVersion = 6.3;
					};
				};
			};
			buildConfigurationList = CA6267CA1ADC592E00FC379A /* Build configuration list for PBXProject "FeedbackSDK" */;
			compatibilityVersion = "Xcode 3.2";
			developmentRegion = English;
			hasScannedForEncodings = 0;
			knownRegions = (
				en,
			);
			mainGroup = CA6267C61ADC592E00FC379A;
			productRefGroup = CA6267D01ADC592E00FC379A /* Products */;
			projectDirPath = "";
			projectRoot = "";
			targets = (
				CA6267CE1ADC592E00FC379A /* FeedbackSDK */,
				CA6267D91ADC592E00FC379A /* FeedbackSDKTests */,
			);
		};
/* End PBXProject section */

/* Begin PBXResourcesBuildPhase section */
		CA6267D81ADC592E00FC379A /* Resources */ = {
			isa = PBXResourcesBuildPhase;
			buildActionMask = 2147483647;
			files = (
			);
			runOnlyForDeploymentPostprocessing = 0;
		};
/* End PBXResourcesBuildPhase section */

/* Begin PBXSourcesBuildPhase section */
		CA6267CB1ADC592E00FC379A /* Sources */ = {
			isa = PBXSourcesBuildPhase;
			buildActionMask = 2147483647;
			files = (
			);
			runOnlyForDeploymentPostprocessing = 0;
		};
		CA6267D61ADC592E00FC379A /* Sources */ = {
			isa = PBXSourcesBuildPhase;
			buildActionMask = 2147483647;
			files = (
			);
			runOnlyForDeploymentPostprocessing = 0;
		};
/* End PBXSourcesBuildPhase section */

/* Begin PBXTargetDependency section */
		CA6267DD1ADC592E00FC379A /* PBXTargetDependency */ = {
			isa = PBXTargetDependency;
			target = CA6267CE1ADC592E00FC379A /* FeedbackSDK */;
			targetProxy = CA6267DC1ADC592E00FC379A /* PBXContainerItemProxy */;
		};
/* End PBXTargetDependency section */

/* Begin XCBuildConfiguration section */
		CA6267E11ADC592E00FC379A /* Debug */ = {
			isa = XCBuildConfiguration;
			buildSettings = {
				ALWAYS_SEARCH_USER_PATHS = NO;
				CLANG_CXX_LANGUAGE_STANDARD = "gnu++0x";
				CLANG_CXX_LIBRARY = "libc++";
				CLANG_ENABLE_MODULES = YES;
				CLANG_ENABLE_OBJC_ARC = YES;
				CLANG_WARN_BOOL_CONVERSION = YES;
				CLANG_WARN_CONSTANT_CONVERSION = YES;
				CLANG_WARN_DIRECT_OBJC_ISA_USAGE = YES_ERROR;
				CLANG_WARN_EMPTY_BODY = YES;
				CLANG_WARN_ENUM_CONVERSION = YES;
				CLANG_WARN_INT_CONVERSION = YES;
				CLANG_WARN_OBJC_ROOT_CLASS = YES_ERROR;
				CLANG_WARN_UNREACHABLE_CODE = YES;
				CLANG_WARN__DUPLICATE_METHOD_MATCH = YES;
				COPY_PHASE_STRIP = NO;
				DEBUG_INFORMATION_FORMAT = "dwarf-with-dsym";
				ENABLE_STRICT_OBJC_MSGSEND = YES;
				GCC_C_LANGUAGE_STANDARD = gnu99;
				GCC_DYNAMIC_NO_PIC = NO;
				GCC_NO_COMMON_BLOCKS = YES;
				GCC_OPTIMIZATION_LEVEL = 0;
				GCC_PREPROCESSOR_DEFINITIONS = (
					"DEBUG=1",
					"$(inherited)",
				);
				GCC_SYMBOLS_PRIVATE_EXTERN = NO;
				GCC_WARN_64_TO_32_BIT_CONVERSION = YES;
				GCC_WARN_ABOUT_RETURN_TYPE = YES_ERROR;
				GCC_WARN_UNDECLARED_SELECTOR = YES;
				GCC_WARN_UNINITIALIZED_AUTOS = YES_AGGRESSIVE;
				GCC_WARN_UNUSED_FUNCTION = YES;
				GCC_WARN_UNUSED_VARIABLE = YES;
				IPHONEOS_DEPLOYMENT_TARGET = 8.3;
				MTL_ENABLE_DEBUG_INFO = YES;
				ONLY_ACTIVE_ARCH = YES;
				SDKROOT = iphoneos;
			};
			name = Debug;
		};
		CA6267E21ADC592E00FC379A /* Release */ = {
			isa = XCBuildConfiguration;
			buildSettings = {
				ALWAYS_SEARCH_USER_PATHS = NO;
				CLANG_CXX_LANGUAGE_STANDARD = "gnu++0x";
				CLANG_CXX_LIBRARY = "libc++";
				CLANG_ENABLE_MODULES = YES;
				CLANG_ENABLE_OBJC_ARC = YES;
				CLANG_WARN_BOOL_CONVERSION = YES;
				CLANG_WARN_CONSTANT_CONVERSION = YES;
				CLANG_WARN_DIRECT_OBJC_ISA_USAGE = YES_ERROR;
				CLANG_WARN_EMPTY_BODY = YES;
				CLANG_WARN_ENUM_CONVERSION = YES;
				CLANG_WARN_INT_CONVERSION = YES;
				CLANG_WARN_OBJC_ROOT_CLASS = YES_ERROR;
				CLANG_WARN_UNREACHABLE_CODE = YES;
				CLANG_WARN__DUPLICATE_METHOD_MATCH = YES;
				COPY_PHASE_STRIP = NO;
				DEBUG_INFORMATION_FORMAT = "dwarf-with-dsym";
				ENABLE_NS_ASSERTIONS = NO;
				ENABLE_STRICT_OBJC_MSGSEND = YES;
				GCC_C_LANGUAGE_STANDARD = gnu99;
				GCC_NO_COMMON_BLOCKS = YES;
				GCC_WARN_64_TO_32_BIT_CONVERSION = YES;
				GCC_WARN_ABOUT_RETURN_TYPE = YES_ERROR;
				GCC_WARN_UNDECLARED_SELECTOR = YES;
				GCC_WARN_UNINITIALIZED_AUTOS = YES_AGGRESSIVE;
				GCC_WARN_UNUSED_FUNCTION = YES;
				GCC_WARN_UNUSED_VARIABLE = YES;
				IPHONEOS_DEPLOYMENT_TARGET = 8.3;
				MTL_ENABLE_DEBUG_INFO = NO;
				SDKROOT = iphoneos;
				VALIDATE_PRODUCT = YES;
			};
			name = Release;
		};
		CA6267E41ADC592E00FC379A /* Debug */ = {
			isa = XCBuildConfiguration;
			buildSettings = {
				LIBRARY_SEARCH_PATHS = (
					"$(inherited)",
					"$(PROJECT_DIR)",
					"$(PROJECT_DIR)/FeedbackSDK",
				);
				OTHER_LDFLAGS = "-ObjC";
				PRODUCT_NAME = "$(TARGET_NAME)";
				SKIP_INSTALL = YES;
			};
			name = Debug;
		};
		CA6267E51ADC592E00FC379A /* Release */ = {
			isa = XCBuildConfiguration;
			buildSettings = {
				LIBRARY_SEARCH_PATHS = (
					"$(inherited)",
					"$(PROJECT_DIR)",
					"$(PROJECT_DIR)/FeedbackSDK",
				);
				OTHER_LDFLAGS = "-ObjC";
				PRODUCT_NAME = "$(TARGET_NAME)";
				SKIP_INSTALL = YES;
			};
			name = Release;
		};
		CA6267E71ADC592E00FC379A /* Debug */ = {
			isa = XCBuildConfiguration;
			buildSettings = {
				"CODE_SIGN_IDENTITY[sdk=iphoneos*]" = "iPhone Developer";
				FRAMEWORK_SEARCH_PATHS = (
					"$(SDKROOT)/Developer/Library/Frameworks",
					"$(inherited)",
				);
				GCC_PREPROCESSOR_DEFINITIONS = (
					"DEBUG=1",
					"$(inherited)",
				);
				INFOPLIST_FILE = FeedbackSDKTests/Info.plist;
				LD_RUNPATH_SEARCH_PATHS = "$(inherited) @executable_path/Frameworks @loader_path/Frameworks";
				PRODUCT_NAME = "$(TARGET_NAME)";
			};
			name = Debug;
		};
		CA6267E81ADC592E00FC379A /* Release */ = {
			isa = XCBuildConfiguration;
			buildSettings = {
				"CODE_SIGN_IDENTITY[sdk=iphoneos*]" = "iPhone Developer";
				FRAMEWORK_SEARCH_PATHS = (
					"$(SDKROOT)/Developer/Library/Frameworks",
					"$(inherited)",
				);
				INFOPLIST_FILE = FeedbackSDKTests/Info.plist;
				LD_RUNPATH_SEARCH_PATHS = "$(inherited) @executable_path/Frameworks @loader_path/Frameworks";
				PRODUCT_NAME = "$(TARGET_NAME)";
			};
			name = Release;
		};
/* End XCBuildConfiguration section */

/* Begin XCConfigurationList section */
		CA6267CA1ADC592E00FC379A /* Build configuration list for PBXProject "FeedbackSDK" */ = {
			isa = XCConfigurationList;
			buildConfigurations = (
				CA6267E11ADC592E00FC379A /* Debug */,
				CA6267E21ADC592E00FC379A /* Release */,
			);
			defaultConfigurationIsVisible = 0;
			defaultConfigurationName = Release;
		};
		CA6267E31ADC592E00FC379A /* Build configuration list for PBXNativeTarget "FeedbackSDK" */ = {
			isa = XCConfigurationList;
			buildConfigurations = (
				CA6267E41ADC592E00FC379A /* Debug */,
				CA6267E51ADC592E00FC379A /* Release */,
			);
			defaultConfigurationIsVisible = 0;
		};
		CA6267E61ADC592E00FC379A /* Build configuration list for PBXNativeTarget "FeedbackSDKTests" */ = {
			isa = XCConfigurationList;
			buildConfigurations = (
				CA6267E71ADC592E00FC379A /* Debug */,
				CA6267E81ADC592E00FC379A /* Release */,
			);
			defaultConfigurationIsVisible = 0;
		};
/* End XCConfigurationList section */
	};
	rootObject = CA6267C71ADC592E00FC379A /* Project object */;
}
